
Microsoft Visual Studio Solution File, Format Version 12.00
# Visual Studio 2013
VisualStudioVersion = 12.0.21005.1
MinimumVisualStudioVersion = 10.0.40219.1
Project("{FAE04EC0-301F-11D3-BF4B-00C04F79EFBC}") = "RxWebApp", "RxWebApp\RxWebApp.csproj", "{16BE08C6-311F-4A14-9B52-692325CDE4C7}"
EndProject
Project("{FAE04EC0-301F-11D3-BF4B-00C04F79EFBC}") = "RxWebApp.Tests", "RxWebApp.Tests\RxWebApp.Tests.csproj", "{F3470850-2121-4F25-BE8C-622A3EA79759}"
EndProject
Global
	GlobalSection(SolutionConfigurationPlatforms) = preSolution
		Debug|Any CPU = Debug|Any CPU
		Release|Any CPU = Release|Any CPU
	EndGlobalSection
	GlobalSection(ProjectConfigurationPlatforms) = postSolution
		{16BE08C6-311F-4A14-9B52-692325CDE4C7}.Debug|Any CPU.ActiveCfg = Debug|Any CPU
		{16BE08C6-311F-4A14-9B52-692325CDE4C7}.Debug|Any CPU.Build.0 = Debug|Any CPU
		{16BE08C6-311F-4A14-9B52-692325CDE4C7}.Release|Any CPU.ActiveCfg = Release|Any CPU
		{16BE08C6-311F-4A14-9B52-692325CDE4C7}.Release|Any CPU.Build.0 = Release|Any CPU
		{F3470850-2121-4F25-BE8C-622A3EA79759}.Debug|Any CPU.ActiveCfg = Debug|Any CPU
		{F3470850-2121-4F25-BE8C-622A3EA79759}.Debug|Any CPU.Build.0 = Debug|Any CPU
		{F3470850-2121-4F25-BE8C-622A3EA79759}.Release|Any CPU.ActiveCfg = Release|Any CPU
		{F3470850-2121-4F25-BE8C-622A3EA79759}.Release|Any CPU.Build.0 = Release|Any CPU
	EndGlobalSection
	GlobalSection(SolutionProperties) = preSolution
		HideSolutionNode = FALSE
	EndGlobalSection
EndGlobal
